PODS:
  - GoogleMaps (4.2.0):
    - GoogleMaps/Maps (= 4.2.0)
  - GoogleMaps/Base (4.2.0)
  - GoogleMaps/Maps (4.2.0):
    - GoogleMaps/Base
  - GooglePlaces (4.2.0):
    - GoogleMaps/Base (= 4.2.0)
  - SwiftLint (0.42.0)

DEPENDENCIES:
  - GoogleMaps (= 4.2.0)
  - GooglePlaces (= 4.2.0)
  - SwiftLint

SPEC REPOS:
  trunk:
    - GoogleMaps
    - GooglePlaces
    - SwiftLint

SPEC CHECKSUMS:
  GoogleMaps: eb03e327edfd70b06de1e6e321653f73712df7ad
  GooglePlaces: 196a9dd88580dcb3f3df46f415057703d0d2a310
  SwiftLint: 4fa9579c63416865179bc416f0a92d55f009600d

PODFILE CHECKSUM: bd101e3f53c2193eac76214f3455b44f5796caa6

COCOAPODS: 1.10.1
